
Microsoft Visual Studio Solution File, Format Version 12.00
# Visual Studio Version 16
VisualStudioVersion = 16.0.28729.10
MinimumVisualStudioVersion = 10.0.40219.1
Project("{F184B08F-C81C-45F6-A57F-5ABD9991F28F}") = "TRAINEE SYSTEM", "TRAINEE SYSTEM\TRAINEE SYSTEM.vbproj", "{BB9CF337-ED58-486E-935F-C142368019A7}"
EndProject
Global
	GlobalSection(SolutionConfigurationPlatforms) = preSolution
		Debug|Any CPU = Debug|Any CPU
		Release|Any CPU = Release|Any CPU
	EndGlobalSection
	GlobalSection(ProjectConfigurationPlatforms) = postSolution
		{BB9CF337-ED58-486E-935F-C142368019A7}.Debug|Any CPU.ActiveCfg = Debug|Any CPU
		{BB9CF337-ED58-486E-935F-C142368019A7}.Debug|Any CPU.Build.0 = Debug|Any CPU
		{BB9CF337-ED58-486E-935F-C142368019A7}.Release|Any CPU.ActiveCfg = Release|Any CPU
		{BB9CF337-ED58-486E-935F-C142368019A7}.Release|Any CPU.Build.0 = Release|Any CPU
	EndGlobalSection
	GlobalSection(SolutionProperties) = preSolution
		HideSolutionNode = FALSE
	EndGlobalSection
	GlobalSection(ExtensibilityGlobals) = postSolution
		SolutionGuid = {1624DD32-063F-4312-B85A-3CBF6609970C}
	EndGlobalSection
EndGlobal
